<?xml version="1.0" encoding="utf-8"?>
<Project ToolsVersion="4.0" xmlns="http://schemas.microsoft.com/developer/msbuild/2003">
  <ItemGroup>
    <Filter Include="Source Files">
      <UniqueIdentifier>{4FC737F1-C7A5-4376-A066-2A32D752A2FF}</UniqueIdentifier>
      <Extensions>cpp;c;cc;cxx;def;odl;idl;hpj;bat;asm;asmx</Extensions>
    </Filter>
    <Filter Include="Header Files">
      <UniqueIdentifier>{93995380-89BD-4b04-88EB-625FBE52EBFB}</UniqueIdentifier>
      <Extensions>h;hh;hpp;hxx;hm;inl;inc;xsd</Extensions>
    </Filter>
    <Filter Include="Resource Files">
      <UniqueIdentifier>{67DA6AB6-F800-4c08-8B7A-83BB121AAD01}</UniqueIdentifier>
      <Extensions>rc;ico;cur;bmp;dlg;rc2;rct;bin;rgs;gif;jpg;jpeg;jpe;resx;tiff;tif;png;wav;mfcribbon-ms</Extensions>
    </Filter>
    <Filter Include="data">
      <UniqueIdentifier>{8eaf791a-1023-446d-b655-528b2e53c283}</UniqueIdentifier>
    </Filter>
  </ItemGroup>
  <ItemGroup>
    <None Include="disasmlib.py">
      <Filter>Source Files</Filter>
    </None>
    <None Include="generate_tables.py">
      <Filter>Source Files</Filter>
    </None>
    <None Include="instructions\cpuid.dat">
      <Filter>data</Filter>
    </None>
    <None Include="instructions\flags.dat">
      <Filter>data</Filter>
    </None>
    <None Include="instructions\modes.dat">
      <Filter>data</Filter>
    </None>
    <None Include="instructions\prefixes.dat">
      <Filter>data</Filter>
    </None>
    <None Include="instructions\table_0F.dat">
      <Filter>data</Filter>
    </None>
    <None Include="instructions\table_0F_3A.dat">
      <Filter>data</Filter>
    </None>
    <None Include="instructions\table_0F_38.dat">
      <Filter>data</Filter>
    </None>
    <None Include="instructions\table_3dnow.dat">
      <Filter>data</Filter>
    </None>
    <None Include="instructions\table_base.dat">
      <Filter>data</Filter>
    </None>
    <None Include="instructions\table_evex1.dat">
      <Filter>data</Filter>
    </None>
    <None Include="instructions\table_evex2.dat">
      <Filter>data</Filter>
    </None>
    <None Include="instructions\table_evex3.dat">
      <Filter>data</Filter>
    </None>
    <None Include="instructions\table_fpu.dat">
      <Filter>data</Filter>
    </None>
    <None Include="instructions\table_vex1.dat">
      <Filter>data</Filter>
    </None>
    <None Include="instructions\table_vex2.dat">
      <Filter>data</Filter>
    </None>
    <None Include="instructions\table_vex3.dat">
      <Filter>data</Filter>
    </None>
    <None Include="instructions\table_xop.dat">
      <Filter>data</Filter>
    </None>
    <None Include="instructions\table_evex5.dat">
      <Filter>data</Filter>
    </None>
    <None Include="instructions\table_evex6.dat">
      <Filter>data</Filter>
    </None>
  </ItemGroup>
  <ItemGroup>
    <Text Include="instructions\help.txt">
      <Filter>data</Filter>
    </Text>
  </ItemGroup>
</Project>