<?xml version="1.0" encoding="utf-8"?>
<Project ToolsVersion="4.0" xmlns="http://schemas.microsoft.com/developer/msbuild/2003">
  <ItemGroup>
    <Filter Include="Source Files">
      <UniqueIdentifier>{4FC737F1-C7A5-4376-A066-2A32D752A2FF}</UniqueIdentifier>
      <Extensions>cpp;c;cc;cxx;def;odl;idl;hpj;bat;asm;asmx</Extensions>
    </Filter>
    <Filter Include="Header Files">
      <UniqueIdentifier>{93995380-89BD-4b04-88EB-625FBE52EBFB}</UniqueIdentifier>
      <Extensions>h;hpp;hxx;hm;inl;inc;xsd</Extensions>
    </Filter>
    <Filter Include="Header Files\public">
      <UniqueIdentifier>{8f31fedd-353c-4b9c-9e2d-bdb129e1e02b}</UniqueIdentifier>
    </Filter>
    <Filter Include="Resource Files">
      <UniqueIdentifier>{67DA6AB6-F800-4c08-8B7A-83BB121AAD01}</UniqueIdentifier>
      <Extensions>rc;ico;cur;bmp;dlg;rc2;rct;bin;rgs;gif;jpg;jpeg;jpe;resx;tiff;tif;png;wav</Extensions>
    </Filter>
    <Filter Include="Other">
      <UniqueIdentifier>{5e26c505-e8f5-4e6c-9d54-f20e36b637b8}</UniqueIdentifier>
    </Filter>
  </ItemGroup>
  <ItemGroup>
    <ClCompile Include="crt.c">
      <Filter>Source Files</Filter>
    </ClCompile>
    <ClCompile Include="bddisasm.c">
      <Filter>Source Files</Filter>
    </ClCompile>
    <ClCompile Include="bdformat.c">
      <Filter>Source Files</Filter>
    </ClCompile>
    <ClCompile Include="bdhelpers.c">
      <Filter>Source Files</Filter>
    </ClCompile>
  </ItemGroup>
  <ItemGroup>
    <ClInclude Include="include\instructions.h">
      <Filter>Header Files</Filter>
    </ClInclude>
    <ClInclude Include="include\mnemonics.h">
      <Filter>Header Files</Filter>
    </ClInclude>
    <ClInclude Include="include\prefixes.h">
      <Filter>Header Files</Filter>
    </ClInclude>
    <ClInclude Include="include\table_evex.h">
      <Filter>Header Files</Filter>
    </ClInclude>
    <ClInclude Include="include\table_root.h">
      <Filter>Header Files</Filter>
    </ClInclude>
    <ClInclude Include="include\table_vex.h">
      <Filter>Header Files</Filter>
    </ClInclude>
    <ClInclude Include="include\table_xop.h">
      <Filter>Header Files</Filter>
    </ClInclude>
    <ClInclude Include="include\tabledefs.h">
      <Filter>Header Files</Filter>
    </ClInclude>
    <ClInclude Include="..\inc\constants.h">
      <Filter>Header Files\public</Filter>
    </ClInclude>
    <ClInclude Include="..\inc\bddisasm.h">
      <Filter>Header Files\public</Filter>
    </ClInclude>
    <ClInclude Include="..\inc\disasmstatus.h">
      <Filter>Header Files\public</Filter>
    </ClInclude>
    <ClInclude Include="..\inc\disasmtypes.h">
      <Filter>Header Files\public</Filter>
    </ClInclude>
    <ClInclude Include="..\inc\registers.h">
      <Filter>Header Files\public</Filter>
    </ClInclude>
    <ClInclude Include="..\inc\version.h">
      <Filter>Header Files\public</Filter>
    </ClInclude>
    <ClInclude Include="..\inc\cpuidflags.h">
      <Filter>Header Files\public</Filter>
    </ClInclude>
    <ClInclude Include="include\nd_crt.h">
      <Filter>Header Files</Filter>
    </ClInclude>
  </ItemGroup>
</Project>